PODS:
  - Alamofire (4.5.0)
  - CMDFramework (0.3.1):
    - EasyPeasy
    - libPhoneNumber-iOS
    - PKHUD
    - Restofire
    - SDWebImage
    - SSZipArchive
    - SwiftyJSON (~> 3.1)
  - EasyPeasy (1.4.2)
  - libPhoneNumber-iOS (0.9.10)
  - PKHUD (4.2.3)
  - Restofire (2.2.1):
    - Restofire/Core (= 2.2.1)
  - Restofire/Core (2.2.1):
    - Alamofire (~> 4.5.0)
  - SDWebImage (4.1.0):
    - SDWebImage/Core (= 4.1.0)
  - SDWebImage/Core (4.1.0)
  - SSZipArchive (2.0.3)
  - SwiftyJSON (3.1.4)

DEPENDENCIES:
  - CMDFramework (from `../`)
  - EasyPeasy
  - libPhoneNumber-iOS
  - PKHUD
  - Restofire
  - SDWebImage
  - SSZipArchive
  - SwiftyJSON (~> 3.1)

EXTERNAL SOURCES:
  CMDFramework:
    :path: ../

SPEC CHECKSUMS:
  Alamofire: f28cdffd29de33a7bfa022cbd63ae95a27fae140
  CMDFramework: 163ce1abdb7a16de931e64a5f570367614ac0008
  EasyPeasy: 50e7130b61f495ce105796e438d4136e2c8d2cc0
  libPhoneNumber-iOS: f721ae4d5854bce60934f9fb9b0b28e8e68913cb
  PKHUD: c7692163a09875cbf15827dc581df3c5cf7f1015
  Restofire: 1285344e15717bb721d2ad85e7d4ded8c144144d
  SDWebImage: 0e435c14e402a6730315a0fb79f95e68654d55a4
  SSZipArchive: b6648b70a36303ca5be9f0351174b347e1886236
  SwiftyJSON: c2842d878f95482ffceec5709abc3d05680c0220

PODFILE CHECKSUM: e375eaca4c982849764e53b19e179cc256d89fe7

COCOAPODS: 1.2.1
