PODS:
  - Alamofire (4.5.0)
  - Bolts (1.8.4):
    - Bolts/AppLinks (= 1.8.4)
    - Bolts/Tasks (= 1.8.4)
  - Bolts/AppLinks (1.8.4):
    - Bolts/Tasks
  - Bolts/Tasks (1.8.4)
  - CMDFramework (0.4.0):
    - EasyAnimation
    - EasyPeasy
    - FacebookCore
    - FacebookLogin
    - libPhoneNumber-iOS
    - PKHUD
    - Restofire
    - SDWebImage
    - SSZipArchive
    - SwiftyJSON (~> 3.1)
  - EasyAnimation (2.0.1)
  - EasyPeasy (1.4.2)
  - FacebookCore (0.2.0):
    - Bolts (~> 1.8)
    - FBSDKCoreKit (~> 4.15)
  - FacebookLogin (0.2.0):
    - Bolts (~> 1.8)
    - FacebookCore (~> 0.2)
    - FBSDKCoreKit (~> 4.15)
    - FBSDKLoginKit (~> 4.15)
  - FBSDKCoreKit (4.25.0):
    - Bolts (~> 1.7)
  - FBSDKLoginKit (4.25.0):
    - FBSDKCoreKit
  - libPhoneNumber-iOS (0.9.10)
  - PKHUD (4.2.3)
  - Restofire (2.2.1):
    - Restofire/Core (= 2.2.1)
  - Restofire/Core (2.2.1):
    - Alamofire (~> 4.5.0)
  - SDWebImage (4.1.0):
    - SDWebImage/Core (= 4.1.0)
  - SDWebImage/Core (4.1.0)
  - SSZipArchive (2.0.3)
  - SwiftyJSON (3.1.4)

DEPENDENCIES:
  - CMDFramework (from `../`)
  - EasyAnimation
  - EasyPeasy
  - FacebookCore
  - FacebookLogin
  - libPhoneNumber-iOS
  - PKHUD
  - Restofire
  - SDWebImage
  - SSZipArchive
  - SwiftyJSON (~> 3.1)

EXTERNAL SOURCES:
  CMDFramework:
    :path: ../

SPEC CHECKSUMS:
  Alamofire: f28cdffd29de33a7bfa022cbd63ae95a27fae140
  Bolts: 8a7995239dbe724f9cba2248b766d48b7ebdd322
  CMDFramework: df34dbd62ba35a48156e4ef932ecc32b354b5263
  EasyAnimation: 0bc71a385be3fc0239e487fb8f0dde626e6c7466
  EasyPeasy: 50e7130b61f495ce105796e438d4136e2c8d2cc0
  FacebookCore: 2cb3f0fbff218e9d3119cec84bae983b232412de
  FacebookLogin: c9d606504735780a9e3002465a615512e0a691a5
  FBSDKCoreKit: 53e3f4bfb64e80c5f229dd30ae33ff57fbbbd2d1
  FBSDKLoginKit: f628c09684dae9c17f071cf90b014e886f5093ea
  libPhoneNumber-iOS: f721ae4d5854bce60934f9fb9b0b28e8e68913cb
  PKHUD: c7692163a09875cbf15827dc581df3c5cf7f1015
  Restofire: 1285344e15717bb721d2ad85e7d4ded8c144144d
  SDWebImage: 0e435c14e402a6730315a0fb79f95e68654d55a4
  SSZipArchive: b6648b70a36303ca5be9f0351174b347e1886236
  SwiftyJSON: c2842d878f95482ffceec5709abc3d05680c0220

PODFILE CHECKSUM: 25401313a528011b6a5be361d970f61b964ef0b3

COCOAPODS: 1.2.1
